
Microsoft Visual Studio Solution File, Format Version 12.00
# Visual Studio Version 17
VisualStudioVersion = 17.13.35931.197 d17.13
MinimumVisualStudioVersion = 10.0.40219.1
Project("{FAE04EC0-301F-11D3-BF4B-00C04F79EFBC}") = "SkillSyncAPI", "SkillSyncAPI\SkillSyncAPI.csproj", "{55C5E0E9-5E02-42F9-B9DB-DCA82AF1DF1C}"
EndProject
Global
	GlobalSection(SolutionConfigurationPlatforms) = preSolution
		Debug|Any CPU = Debug|Any CPU
		Release|Any CPU = Release|Any CPU
	EndGlobalSection
	GlobalSection(ProjectConfigurationPlatforms) = postSolution
		{55C5E0E9-5E02-42F9-B9DB-DCA82AF1DF1C}.Debug|Any CPU.ActiveCfg = Debug|Any CPU
		{55C5E0E9-5E02-42F9-B9DB-DCA82AF1DF1C}.Debug|Any CPU.Build.0 = Debug|Any CPU
		{55C5E0E9-5E02-42F9-B9DB-DCA82AF1DF1C}.Release|Any CPU.ActiveCfg = Release|Any CPU
		{55C5E0E9-5E02-42F9-B9DB-DCA82AF1DF1C}.Release|Any CPU.Build.0 = Release|Any CPU
	EndGlobalSection
	GlobalSection(SolutionProperties) = preSolution
		HideSolutionNode = FALSE
	EndGlobalSection
	GlobalSection(ExtensibilityGlobals) = postSolution
		SolutionGuid = {F4038A9C-0878-4B04-9A34-0C3902398F19}
	EndGlobalSection
EndGlobal
